// !$*UTF8*$!
{
	archiveVersion = 1;
	classes = {
	};
	objectVersion = 46;
	objects = {

/* Begin PBXBuildFile section */
		3BD9732D1C69AFBF008E1BFD /* Keylixer.swift in Sources */ = {isa = PBXBuildFile; fileRef = 3BD9732C1C69AFBF008E1BFD /* Keylixer.swift */; };
		3BD973311C69AFBF008E1BFD /* Assets.xcassets in Resources */ = {isa = PBXBuildFile; fileRef = 3BD973301C69AFBF008E1BFD /* Assets.xcassets */; };
		3BD973341C69AFBF008E1BFD /* Main.storyboard in Resources */ = {isa = PBXBuildFile; fileRef = 3BD973321C69AFBF008E1BFD /* Main.storyboard */; };
		3BD9733C1C69BB58008E1BFD /* Counter.swift in Sources */ = {isa = PBXBuildFile; fileRef = 3BD9733B1C69BB58008E1BFD /* Counter.swift */; };
/* End PBXBuildFile section */

/* Begin PBXFileReference section */
		3BD973291C69AFBF008E1BFD /* keylixer.app */ = {isa = PBXFileReference; explicitFileType = wrapper.application; includeInIndex = 0; path = keylixer.app; sourceTree = BUILT_PRODUCTS_DIR; };
		3BD9732C1C69AFBF008E1BFD /* Keylixer.swift */ = {isa = PBXFileReference; lastKnownFileType = sourcecode.swift; path = Keylixer.swift; sourceTree = "<group>"; };
		3BD973301C69AFBF008E1BFD /* Assets.xcassets */ = {isa = PBXFileReference; lastKnownFileType = folder.assetcatalog; path = Assets.xcassets; sourceTree = "<group>"; };
		3BD973331C69AFBF008E1BFD /* Base */ = {isa = PBXFileReference; lastKnownFileType = file.storyboard; name = Base; path = Base.lproj/Main.storyboard; sourceTree = "<group>"; };
		3BD973351C69AFBF008E1BFD /* Info.plist */ = {isa = PBXFileReference; lastKnownFileType = text.plist.xml; path = Info.plist; sourceTree = "<group>"; };
		3BD9733B1C69BB58008E1BFD /* Counter.swift */ = {isa = PBXFileReference; fileEncoding = 4; lastKnownFileType = sourcecode.swift; path = Counter.swift; sourceTree = "<group>"; };
/* End PBXFileReference section */

/* Begin PBXFrameworksBuildPhase section */
		3BD973261C69AFBF008E1BFD /* Frameworks */ = {
			isa = PBXFrameworksBuildPhase;
			buildActionMask = 2147483647;
			files = (
			);
			runOnlyForDeploymentPostprocessing = 0;
		};
/* End PBXFrameworksBuildPhase section */

/* Begin PBXGroup section */
		3BD973201C69AFBE008E1BFD = {
			isa = PBXGroup;
			children = (
				3BD9732B1C69AFBF008E1BFD /* keylixer */,
				3BD9732A1C69AFBF008E1BFD /* Products */,
			);
			sourceTree = "<group>";
		};
		3BD9732A1C69AFBF008E1BFD /* Products */ = {
			isa = PBXGroup;
			children = (
				3BD973291C69AFBF008E1BFD /* keylixer.app */,
			);
			name = Products;
			sourceTree = "<group>";
		};
		3BD9732B1C69AFBF008E1BFD /* keylixer */ = {
			isa = PBXGroup;
			children = (
				3BD9732C1C69AFBF008E1BFD /* Keylixer.swift */,
				3BD9733B1C69BB58008E1BFD /* Counter.swift */,
				3BD973301C69AFBF008E1BFD /* Assets.xcassets */,
				3BD973321C69AFBF008E1BFD /* Main.storyboard */,
				3BD973351C69AFBF008E1BFD /* Info.plist */,
			);
			path = keylixer;
			sourceTree = "<group>";
		};
/* End PBXGroup section */

/* Begin PBXNativeTarget section */
		3BD973281C69AFBF008E1BFD /* keylixer */ = {
			isa = PBXNativeTarget;
			buildConfigurationList = 3BD973381C69AFBF008E1BFD /* Build configuration list for PBXNativeTarget "keylixer" */;
			buildPhases = (
				3BD973251C69AFBF008E1BFD /* Sources */,
				3BD973261C69AFBF008E1BFD /* Frameworks */,
				3BD973271C69AFBF008E1BFD /* Resources */,
			);
			buildRules = (
			);
			dependencies = (
			);
			name = keylixer;
			productName = keylixer;
			productReference = 3BD973291C69AFBF008E1BFD /* keylixer.app */;
			productType = "com.apple.product-type.application";
		};
/* End PBXNativeTarget section */

/* Begin PBXProject section */
		3BD973211C69AFBE008E1BFD /* Project object */ = {
			isa = PBXProject;
			attributes = {
				LastSwiftUpdateCheck = 0720;
				LastUpgradeCheck = 0720;
				ORGANIZATIONNAME = "Doug Black";
				TargetAttributes = {
					3BD973281C69AFBF008E1BFD = {
						CreatedOnToolsVersion = 7.2.1;
					};
				};
			};
			buildConfigurationList = 3BD973241C69AFBE008E1BFD /* Build configuration list for PBXProject "keylixer" */;
			compatibilityVersion = "Xcode 3.2";
			developmentRegion = English;
			hasScannedForEncodings = 0;
			knownRegions = (
				en,
				Base,
			);
			mainGroup = 3BD973201C69AFBE008E1BFD;
			productRefGroup = 3BD9732A1C69AFBF008E1BFD /* Products */;
			projectDirPath = "";
			projectRoot = "";
			targets = (
				3BD973281C69AFBF008E1BFD /* keylixer */,
			);
		};
/* End PBXProject section */

/* Begin PBXResourcesBuildPhase section */
		3BD973271C69AFBF008E1BFD /* Resources */ = {
			isa = PBXResourcesBuildPhase;
			buildActionMask = 2147483647;
			files = (
				3BD973311C69AFBF008E1BFD /* Assets.xcassets in Resources */,
				3BD973341C69AFBF008E1BFD /* Main.storyboard in Resources */,
			);
			runOnlyForDeploymentPostprocessing = 0;
		};
/* End PBXResourcesBuildPhase section */

/* Begin PBXSourcesBuildPhase section */
		3BD973251C69AFBF008E1BFD /* Sources */ = {
			isa = PBXSourcesBuildPhase;
			buildActionMask = 2147483647;
			files = (
				3BD9733C1C69BB58008E1BFD /* Counter.swift in Sources */,
				3BD9732D1C69AFBF008E1BFD /* Keylixer.swift in Sources */,
			);
			runOnlyForDeploymentPostprocessing = 0;
		};
/* End PBXSourcesBuildPhase section */

/* Begin PBXVariantGroup section */
		3BD973321C69AFBF008E1BFD /* Main.storyboard */ = {
			isa = PBXVariantGroup;
			children = (
				3BD973331C69AFBF008E1BFD /* Base */,
			);
			name = Main.storyboard;
			sourceTree = "<group>";
		};
/* End PBXVariantGroup section */

/* Begin XCBuildConfiguration section */
		3BD973361C69AFBF008E1BFD /* Debug */ = {
			isa = XCBuildConfiguration;
			buildSettings = {
				ALWAYS_SEARCH_USER_PATHS = NO;
				CLANG_CXX_LANGUAGE_STANDARD = "gnu++0x";
				CLANG_CXX_LIBRARY = "libc++";
				CLANG_ENABLE_MODULES = YES;
				CLANG_ENABLE_OBJC_ARC = YES;
				CLANG_WARN_BOOL_CONVERSION = YES;
				CLANG_WARN_CONSTANT_CONVERSION = YES;
				CLANG_WARN_DIRECT_OBJC_ISA_USAGE = YES_ERROR;
				CLANG_WARN_EMPTY_BODY = YES;
				CLANG_WARN_ENUM_CONVERSION = YES;
				CLANG_WARN_INT_CONVERSION = YES;
				CLANG_WARN_OBJC_ROOT_CLASS = YES_ERROR;
				CLANG_WARN_UNREACHABLE_CODE = YES;
				CLANG_WARN__DUPLICATE_METHOD_MATCH = YES;
				CODE_SIGN_IDENTITY = "-";
				COPY_PHASE_STRIP = NO;
				DEBUG_INFORMATION_FORMAT = dwarf;
				ENABLE_STRICT_OBJC_MSGSEND = YES;
				ENABLE_TESTABILITY = YES;
				GCC_C_LANGUAGE_STANDARD = gnu99;
				GCC_DYNAMIC_NO_PIC = NO;
				GCC_NO_COMMON_BLOCKS = YES;
				GCC_OPTIMIZATION_LEVEL = 0;
				GCC_PREPROCESSOR_DEFINITIONS = (
					"DEBUG=1",
					"$(inherited)",
				);
				GCC_WARN_64_TO_32_BIT_CONVERSION = YES;
				GCC_WARN_ABOUT_RETURN_TYPE = YES_ERROR;
				GCC_WARN_UNDECLARED_SELECTOR = YES;
				GCC_WARN_UNINITIALIZED_AUTOS = YES_AGGRESSIVE;
				GCC_WARN_UNUSED_FUNCTION = YES;
				GCC_WARN_UNUSED_VARIABLE = YES;
				MACOSX_DEPLOYMENT_TARGET = 10.11;
				MTL_ENABLE_DEBUG_INFO = YES;
				ONLY_ACTIVE_ARCH = YES;
				SDKROOT = macosx;
				SWIFT_OPTIMIZATION_LEVEL = "-Onone";
			};
			name = Debug;
		};
		3BD973371C69AFBF008E1BFD /* Release */ = {
			isa = XCBuildConfiguration;
			buildSettings = {
				ALWAYS_SEARCH_USER_PATHS = NO;
				CLANG_CXX_LANGUAGE_STANDARD = "gnu++0x";
				CLANG_CXX_LIBRARY = "libc++";
				CLANG_ENABLE_MODULES = YES;
				CLANG_ENABLE_OBJC_ARC = YES;
				CLANG_WARN_BOOL_CONVERSION = YES;
				CLANG_WARN_CONSTANT_CONVERSION = YES;
				CLANG_WARN_DIRECT_OBJC_ISA_USAGE = YES_ERROR;
				CLANG_WARN_EMPTY_BODY = YES;
				CLANG_WARN_ENUM_CONVERSION = YES;
				CLANG_WARN_INT_CONVERSION = YES;
				CLANG_WARN_OBJC_ROOT_CLASS = YES_ERROR;
				CLANG_WARN_UNREACHABLE_CODE = YES;
				CLANG_WARN__DUPLICATE_METHOD_MATCH = YES;
				CODE_SIGN_IDENTITY = "-";
				COPY_PHASE_STRIP = NO;
				DEBUG_INFORMATION_FORMAT = "dwarf-with-dsym";
				ENABLE_NS_ASSERTIONS = NO;
				ENABLE_STRICT_OBJC_MSGSEND = YES;
				GCC_C_LANGUAGE_STANDARD = gnu99;
				GCC_NO_COMMON_BLOCKS = YES;
				GCC_WARN_64_TO_32_BIT_CONVERSION = YES;
				GCC_WARN_ABOUT_RETURN_TYPE = YES_ERROR;
				GCC_WARN_UNDECLARED_SELECTOR = YES;
				GCC_WARN_UNINITIALIZED_AUTOS = YES_AGGRESSIVE;
				GCC_WARN_UNUSED_FUNCTION = YES;
				GCC_WARN_UNUSED_VARIABLE = YES;
				MACOSX_DEPLOYMENT_TARGET = 10.11;
				MTL_ENABLE_DEBUG_INFO = NO;
				SDKROOT = macosx;
			};
			name = Release;
		};
		3BD973391C69AFBF008E1BFD /* Debug */ = {
			isa = XCBuildConfiguration;
			buildSettings = {
				ASSETCATALOG_COMPILER_APPICON_NAME = AppIcon;
				COMBINE_HIDPI_IMAGES = YES;
				INFOPLIST_FILE = keylixer/Info.plist;
				LD_RUNPATH_SEARCH_PATHS = "$(inherited) @executable_path/../Frameworks";
				PRODUCT_BUNDLE_IDENTIFIER = com.dougblack.keylixer;
				PRODUCT_NAME = "$(TARGET_NAME)";
			};
			name = Debug;
		};
		3BD9733A1C69AFBF008E1BFD /* Release */ = {
			isa = XCBuildConfiguration;
			buildSettings = {
				ASSETCATALOG_COMPILER_APPICON_NAME = AppIcon;
				COMBINE_HIDPI_IMAGES = YES;
				INFOPLIST_FILE = keylixer/Info.plist;
				LD_RUNPATH_SEARCH_PATHS = "$(inherited) @executable_path/../Frameworks";
				PRODUCT_BUNDLE_IDENTIFIER = com.dougblack.keylixer;
				PRODUCT_NAME = "$(TARGET_NAME)";
			};
			name = Release;
		};
/* End XCBuildConfiguration section */

/* Begin XCConfigurationList section */
		3BD973241C69AFBE008E1BFD /* Build configuration list for PBXProject "keylixer" */ = {
			isa = XCConfigurationList;
			buildConfigurations = (
				3BD973361C69AFBF008E1BFD /* Debug */,
				3BD973371C69AFBF008E1BFD /* Release */,
			);
			defaultConfigurationIsVisible = 0;
			defaultConfigurationName = Release;
		};
		3BD973381C69AFBF008E1BFD /* Build configuration list for PBXNativeTarget "keylixer" */ = {
			isa = XCConfigurationList;
			buildConfigurations = (
				3BD973391C69AFBF008E1BFD /* Debug */,
				3BD9733A1C69AFBF008E1BFD /* Release */,
			);
			defaultConfigurationIsVisible = 0;
		};
/* End XCConfigurationList section */
	};
	rootObject = 3BD973211C69AFBE008E1BFD /* Project object */;
}
